
Microsoft Visual Studio Solution File, Format Version 12.00
# Visual Studio Version 16
VisualStudioVersion = 16.0.31205.134
MinimumVisualStudioVersion = 10.0.40219.1
Project("{FAE04EC0-301F-11D3-BF4B-00C04F79EFBC}") = "LaundryManager", "LaundryManager\LaundryManager.csproj", "{59C4E40C-AD92-4FD6-B22A-93B31F12A76F}"
EndProject
Global
	GlobalSection(SolutionConfigurationPlatforms) = preSolution
		Debug|Any CPU = Debug|Any CPU
		Release|Any CPU = Release|Any CPU
	EndGlobalSection
	GlobalSection(ProjectConfigurationPlatforms) = postSolution
		{59C4E40C-AD92-4FD6-B22A-93B31F12A76F}.Debug|Any CPU.ActiveCfg = Debug|Any CPU
		{59C4E40C-AD92-4FD6-B22A-93B31F12A76F}.Debug|Any CPU.Build.0 = Debug|Any CPU
		{59C4E40C-AD92-4FD6-B22A-93B31F12A76F}.Release|Any CPU.ActiveCfg = Release|Any CPU
		{59C4E40C-AD92-4FD6-B22A-93B31F12A76F}.Release|Any CPU.Build.0 = Release|Any CPU
	EndGlobalSection
	GlobalSection(SolutionProperties) = preSolution
		HideSolutionNode = FALSE
	EndGlobalSection
	GlobalSection(ExtensibilityGlobals) = postSolution
		SolutionGuid = {BFA055FC-5838-42A3-8A1C-64295288F1ED}
	EndGlobalSection
EndGlobal
